
Microsoft Visual Studio Solution File, Format Version 12.00
# Visual Studio Version 17
VisualStudioVersion = 17.1.32210.238
MinimumVisualStudioVersion = 10.0.40219.1
Project("{FAE04EC0-301F-11D3-BF4B-00C04F79EFBC}") = "com.sumodh.calculator", "com.sumodh.calculator\com.sumodh.calculator.csproj", "{4529DFE7-DB00-4DE4-8A06-44884B915DFC}"
EndProject
Project("{FAE04EC0-301F-11D3-BF4B-00C04F79EFBC}") = "com.sumodh.calculator.test", "com.sumodh.calculator.test\com.sumodh.calculator.test.csproj", "{A0C78C00-2B15-49DA-8735-0CE9057C7B70}"
EndProject
Global
	GlobalSection(SolutionConfigurationPlatforms) = preSolution
		Debug|Any CPU = Debug|Any CPU
		Release|Any CPU = Release|Any CPU
	EndGlobalSection
	GlobalSection(ProjectConfigurationPlatforms) = postSolution
		{4529DFE7-DB00-4DE4-8A06-44884B915DFC}.Debug|Any CPU.ActiveCfg = Debug|Any CPU
		{4529DFE7-DB00-4DE4-8A06-44884B915DFC}.Debug|Any CPU.Build.0 = Debug|Any CPU
		{4529DFE7-DB00-4DE4-8A06-44884B915DFC}.Release|Any CPU.ActiveCfg = Release|Any CPU
		{4529DFE7-DB00-4DE4-8A06-44884B915DFC}.Release|Any CPU.Build.0 = Release|Any CPU
		{A0C78C00-2B15-49DA-8735-0CE9057C7B70}.Debug|Any CPU.ActiveCfg = Debug|Any CPU
		{A0C78C00-2B15-49DA-8735-0CE9057C7B70}.Debug|Any CPU.Build.0 = Debug|Any CPU
		{A0C78C00-2B15-49DA-8735-0CE9057C7B70}.Release|Any CPU.ActiveCfg = Release|Any CPU
		{A0C78C00-2B15-49DA-8735-0CE9057C7B70}.Release|Any CPU.Build.0 = Release|Any CPU
	EndGlobalSection
	GlobalSection(SolutionProperties) = preSolution
		HideSolutionNode = FALSE
	EndGlobalSection
	GlobalSection(ExtensibilityGlobals) = postSolution
		SolutionGuid = {9D3D4BC6-1198-4E49-AFBE-A11657856474}
	EndGlobalSection
EndGlobal
